
Microsoft Visual Studio Solution File, Format Version 12.00
# Visual Studio Version 17
VisualStudioVersion = 17.9.34622.214
MinimumVisualStudioVersion = 10.0.40219.1
Project("{FAE04EC0-301F-11D3-BF4B-00C04F79EFBC}") = "RegexUnit2", "RegexUnit2.csproj", "{DAD70C2E-4DEF-4A16-9C67-EDAFF7BA56C3}"
EndProject
Global
	GlobalSection(SolutionConfigurationPlatforms) = preSolution
		Debug|Any CPU = Debug|Any CPU
		Release|Any CPU = Release|Any CPU
	EndGlobalSection
	GlobalSection(ProjectConfigurationPlatforms) = postSolution
		{DAD70C2E-4DEF-4A16-9C67-EDAFF7BA56C3}.Debug|Any CPU.ActiveCfg = Debug|Any CPU
		{DAD70C2E-4DEF-4A16-9C67-EDAFF7BA56C3}.Debug|Any CPU.Build.0 = Debug|Any CPU
		{DAD70C2E-4DEF-4A16-9C67-EDAFF7BA56C3}.Release|Any CPU.ActiveCfg = Release|Any CPU
		{DAD70C2E-4DEF-4A16-9C67-EDAFF7BA56C3}.Release|Any CPU.Build.0 = Release|Any CPU
	EndGlobalSection
	GlobalSection(SolutionProperties) = preSolution
		HideSolutionNode = FALSE
	EndGlobalSection
	GlobalSection(ExtensibilityGlobals) = postSolution
		SolutionGuid = {FCAFD4A5-95AE-4517-907A-4325CBE0A129}
	EndGlobalSection
EndGlobal
