
Microsoft Visual Studio Solution File, Format Version 12.00
# Visual Studio Version 17
VisualStudioVersion = 17.6.33829.357
MinimumVisualStudioVersion = 10.0.40219.1
Project("{FAE04EC0-301F-11D3-BF4B-00C04F79EFBC}") = "CombatSimulator", "CombatSimulator.csproj", "{3572E684-CE2E-404A-9C03-D01C4CA03D0C}"
EndProject
Global
	GlobalSection(SolutionConfigurationPlatforms) = preSolution
		Debug|Any CPU = Debug|Any CPU
		Release|Any CPU = Release|Any CPU
	EndGlobalSection
	GlobalSection(ProjectConfigurationPlatforms) = postSolution
		{3572E684-CE2E-404A-9C03-D01C4CA03D0C}.Debug|Any CPU.ActiveCfg = Debug|Any CPU
		{3572E684-CE2E-404A-9C03-D01C4CA03D0C}.Debug|Any CPU.Build.0 = Debug|Any CPU
		{3572E684-CE2E-404A-9C03-D01C4CA03D0C}.Release|Any CPU.ActiveCfg = Release|Any CPU
		{3572E684-CE2E-404A-9C03-D01C4CA03D0C}.Release|Any CPU.Build.0 = Release|Any CPU
	EndGlobalSection
	GlobalSection(SolutionProperties) = preSolution
		HideSolutionNode = FALSE
	EndGlobalSection
	GlobalSection(ExtensibilityGlobals) = postSolution
		SolutionGuid = {D1DDCF5A-8377-4EDA-8A51-2268A12EFCC2}
	EndGlobalSection
EndGlobal
