
Microsoft Visual Studio Solution File, Format Version 12.00
# Visual Studio Version 17
VisualStudioVersion = 17.6.33829.357
MinimumVisualStudioVersion = 10.0.40219.1
Project("{FAE04EC0-301F-11D3-BF4B-00C04F79EFBC}") = "Seasons", "Seasons.csproj", "{3F65EE81-9FDC-4917-85D3-E0008D5C4CD3}"
EndProject
Global
	GlobalSection(SolutionConfigurationPlatforms) = preSolution
		Debug|Any CPU = Debug|Any CPU
		Release|Any CPU = Release|Any CPU
	EndGlobalSection
	GlobalSection(ProjectConfigurationPlatforms) = postSolution
		{3F65EE81-9FDC-4917-85D3-E0008D5C4CD3}.Debug|Any CPU.ActiveCfg = Debug|Any CPU
		{3F65EE81-9FDC-4917-85D3-E0008D5C4CD3}.Debug|Any CPU.Build.0 = Debug|Any CPU
		{3F65EE81-9FDC-4917-85D3-E0008D5C4CD3}.Release|Any CPU.ActiveCfg = Release|Any CPU
		{3F65EE81-9FDC-4917-85D3-E0008D5C4CD3}.Release|Any CPU.Build.0 = Release|Any CPU
	EndGlobalSection
	GlobalSection(SolutionProperties) = preSolution
		HideSolutionNode = FALSE
	EndGlobalSection
	GlobalSection(ExtensibilityGlobals) = postSolution
		SolutionGuid = {9FC3395A-8C2F-4BC2-B903-6CC793A32F50}
	EndGlobalSection
EndGlobal
