
Microsoft Visual Studio Solution File, Format Version 12.00
# Visual Studio Version 17
VisualStudioVersion = 17.9.34622.214
MinimumVisualStudioVersion = 10.0.40219.1
Project("{FAE04EC0-301F-11D3-BF4B-00C04F79EFBC}") = "Mission1", "Mission1.csproj", "{0A434A29-8673-459F-A317-BC5F24BC7111}"
EndProject
Global
	GlobalSection(SolutionConfigurationPlatforms) = preSolution
		Debug|Any CPU = Debug|Any CPU
		Release|Any CPU = Release|Any CPU
	EndGlobalSection
	GlobalSection(ProjectConfigurationPlatforms) = postSolution
		{0A434A29-8673-459F-A317-BC5F24BC7111}.Debug|Any CPU.ActiveCfg = Debug|Any CPU
		{0A434A29-8673-459F-A317-BC5F24BC7111}.Debug|Any CPU.Build.0 = Debug|Any CPU
		{0A434A29-8673-459F-A317-BC5F24BC7111}.Release|Any CPU.ActiveCfg = Release|Any CPU
		{0A434A29-8673-459F-A317-BC5F24BC7111}.Release|Any CPU.Build.0 = Release|Any CPU
	EndGlobalSection
	GlobalSection(SolutionProperties) = preSolution
		HideSolutionNode = FALSE
	EndGlobalSection
	GlobalSection(ExtensibilityGlobals) = postSolution
		SolutionGuid = {1EA33494-6BDC-4484-AE5C-069650E2D999}
	EndGlobalSection
EndGlobal
